
Microsoft Visual Studio Solution File, Format Version 12.00
# Visual Studio Version 16
VisualStudioVersion = 16.0.31515.178
MinimumVisualStudioVersion = 10.0.40219.1
Project("{FAE04EC0-301F-11D3-BF4B-00C04F79EFBC}") = "GenericRepositoryPractice", "GenericRepositoryPractice\GenericRepositoryPractice.csproj", "{12D156EE-A593-4F8C-91F1-8CF4C2839C1E}"
EndProject
Project("{FAE04EC0-301F-11D3-BF4B-00C04F79EFBC}") = "Sample.Model", "Sample.Model\Sample.Model.csproj", "{C221A24F-8BB2-4412-B35C-E802CF2EEC61}"
EndProject
Project("{FAE04EC0-301F-11D3-BF4B-00C04F79EFBC}") = "Sample.Service", "Sample.Service\Sample.Service.csproj", "{24548880-5EA4-430E-8FD4-1485811E614B}"
EndProject
Project("{FAE04EC0-301F-11D3-BF4B-00C04F79EFBC}") = "Sample.Repository", "Sample.Repository\Sample.Repository.csproj", "{32DB2C3E-9BC3-448B-9E42-8AEFDAA8C1AF}"
EndProject
Global
	GlobalSection(SolutionConfigurationPlatforms) = preSolution
		Debug|Any CPU = Debug|Any CPU
		Release|Any CPU = Release|Any CPU
	EndGlobalSection
	GlobalSection(ProjectConfigurationPlatforms) = postSolution
		{12D156EE-A593-4F8C-91F1-8CF4C2839C1E}.Debug|Any CPU.ActiveCfg = Debug|Any CPU
		{12D156EE-A593-4F8C-91F1-8CF4C2839C1E}.Debug|Any CPU.Build.0 = Debug|Any CPU
		{12D156EE-A593-4F8C-91F1-8CF4C2839C1E}.Release|Any CPU.ActiveCfg = Release|Any CPU
		{12D156EE-A593-4F8C-91F1-8CF4C2839C1E}.Release|Any CPU.Build.0 = Release|Any CPU
		{C221A24F-8BB2-4412-B35C-E802CF2EEC61}.Debug|Any CPU.ActiveCfg = Debug|Any CPU
		{C221A24F-8BB2-4412-B35C-E802CF2EEC61}.Debug|Any CPU.Build.0 = Debug|Any CPU
		{C221A24F-8BB2-4412-B35C-E802CF2EEC61}.Release|Any CPU.ActiveCfg = Release|Any CPU
		{C221A24F-8BB2-4412-B35C-E802CF2EEC61}.Release|Any CPU.Build.0 = Release|Any CPU
		{24548880-5EA4-430E-8FD4-1485811E614B}.Debug|Any CPU.ActiveCfg = Debug|Any CPU
		{24548880-5EA4-430E-8FD4-1485811E614B}.Debug|Any CPU.Build.0 = Debug|Any CPU
		{24548880-5EA4-430E-8FD4-1485811E614B}.Release|Any CPU.ActiveCfg = Release|Any CPU
		{24548880-5EA4-430E-8FD4-1485811E614B}.Release|Any CPU.Build.0 = Release|Any CPU
		{32DB2C3E-9BC3-448B-9E42-8AEFDAA8C1AF}.Debug|Any CPU.ActiveCfg = Debug|Any CPU
		{32DB2C3E-9BC3-448B-9E42-8AEFDAA8C1AF}.Debug|Any CPU.Build.0 = Debug|Any CPU
		{32DB2C3E-9BC3-448B-9E42-8AEFDAA8C1AF}.Release|Any CPU.ActiveCfg = Release|Any CPU
		{32DB2C3E-9BC3-448B-9E42-8AEFDAA8C1AF}.Release|Any CPU.Build.0 = Release|Any CPU
	EndGlobalSection
	GlobalSection(SolutionProperties) = preSolution
		HideSolutionNode = FALSE
	EndGlobalSection
	GlobalSection(ExtensibilityGlobals) = postSolution
		SolutionGuid = {36C716A4-C7B5-453E-94B5-641502D52EC9}
	EndGlobalSection
EndGlobal
